// !$*UTF8*$!
{
	archiveVersion = 1;
	classes = {
	};
	objectVersion = 46;
	objects = {

/* Begin PBXBuildFile section */
		42126A391A1464BF00B14BB4 /* main.m in Sources */ = {isa = PBXBuildFile; fileRef = 42126A381A1464BF00B14BB4 /* main.m */; };
		42126A3C1A1464BF00B14BB4 /* AppDelegate.m in Sources */ = {isa = PBXBuildFile; fileRef = 42126A3B1A1464BF00B14BB4 /* AppDelegate.m */; };
		42126A3F1A1464BF00B14BB4 /* ViewController.m in Sources */ = {isa = PBXBuildFile; fileRef = 42126A3E1A1464BF00B14BB4 /* ViewController.m */; };
		42126A421A1464BF00B14BB4 /* Main.storyboard in Resources */ = {isa = PBXBuildFile; fileRef = 42126A401A1464BF00B14BB4 /* Main.storyboard */; };
		42126A441A1464BF00B14BB4 /* Images.xcassets in Resources */ = {isa = PBXBuildFile; fileRef = 42126A431A1464BF00B14BB4 /* Images.xcassets */; };
		42126A471A1464BF00B14BB4 /* LaunchScreen.xib in Resources */ = {isa = PBXBuildFile; fileRef = 42126A451A1464BF00B14BB4 /* LaunchScreen.xib */; };
		42126A531A1464BF00B14BB4 /* MatchaChatTests.m in Sources */ = {isa = PBXBuildFile; fileRef = 42126A521A1464BF00B14BB4 /* MatchaChatTests.m */; };
/* End PBXBuildFile section */

/* Begin PBXContainerItemProxy section */
		42126A4D1A1464BF00B14BB4 /* PBXContainerItemProxy */ = {
			isa = PBXContainerItemProxy;
			containerPortal = 42126A2B1A1464BF00B14BB4 /* Project object */;
			proxyType = 1;
			remoteGlobalIDString = 42126A321A1464BF00B14BB4;
			remoteInfo = MatchaChat;
		};
/* End PBXContainerItemProxy section */

/* Begin PBXFileReference section */
		42126A331A1464BF00B14BB4 /* MatchaChat.app */ = {isa = PBXFileReference; explicitFileType = wrapper.application; includeInIndex = 0; path = MatchaChat.app; sourceTree = BUILT_PRODUCTS_DIR; };
		42126A371A1464BF00B14BB4 /* Info.plist */ = {isa = PBXFileReference; lastKnownFileType = text.plist.xml; path = Info.plist; sourceTree = "<group>"; };
		42126A381A1464BF00B14BB4 /* main.m */ = {isa = PBXFileReference; lastKnownFileType = sourcecode.c.objc; path = main.m; sourceTree = "<group>"; };
		42126A3A1A1464BF00B14BB4 /* AppDelegate.h */ = {isa = PBXFileReference; lastKnownFileType = sourcecode.c.h; path = AppDelegate.h; sourceTree = "<group>"; };
		42126A3B1A1464BF00B14BB4 /* AppDelegate.m */ = {isa = PBXFileReference; lastKnownFileType = sourcecode.c.objc; path = AppDelegate.m; sourceTree = "<group>"; };
		42126A3D1A1464BF00B14BB4 /* ViewController.h */ = {isa = PBXFileReference; lastKnownFileType = sourcecode.c.h; path = ViewController.h; sourceTree = "<group>"; };
		42126A3E1A1464BF00B14BB4 /* ViewController.m */ = {isa = PBXFileReference; lastKnownFileType = sourcecode.c.objc; path = ViewController.m; sourceTree = "<group>"; };
		42126A411A1464BF00B14BB4 /* Base */ = {isa = PBXFileReference; lastKnownFileType = file.storyboard; name = Base; path = Base.lproj/Main.storyboard; sourceTree = "<group>"; };
		42126A431A1464BF00B14BB4 /* Images.xcassets */ = {isa = PBXFileReference; lastKnownFileType = folder.assetcatalog; path = Images.xcassets; sourceTree = "<group>"; };
		42126A461A1464BF00B14BB4 /* Base */ = {isa = PBXFileReference; lastKnownFileType = file.xib; name = Base; path = Base.lproj/LaunchScreen.xib; sourceTree = "<group>"; };
		42126A4C1A1464BF00B14BB4 /* MatchaChatTests.xctest */ = {isa = PBXFileReference; explicitFileType = wrapper.cfbundle; includeInIndex = 0; path = MatchaChatTests.xctest; sourceTree = BUILT_PRODUCTS_DIR; };
		42126A511A1464BF00B14BB4 /* Info.plist */ = {isa = PBXFileReference; lastKnownFileType = text.plist.xml; path = Info.plist; sourceTree = "<group>"; };
		42126A521A1464BF00B14BB4 /* MatchaChatTests.m */ = {isa = PBXFileReference; lastKnownFileType = sourcecode.c.objc; path = MatchaChatTests.m; sourceTree = "<group>"; };
/* End PBXFileReference section */

/* Begin PBXFrameworksBuildPhase section */
		42126A301A1464BF00B14BB4 /* Frameworks */ = {
			isa = PBXFrameworksBuildPhase;
			buildActionMask = 2147483647;
			files = (
			);
			runOnlyForDeploymentPostprocessing = 0;
		};
		42126A491A1464BF00B14BB4 /* Frameworks */ = {
			isa = PBXFrameworksBuildPhase;
			buildActionMask = 2147483647;
			files = (
			);
			runOnlyForDeploymentPostprocessing = 0;
		};
/* End PBXFrameworksBuildPhase section */

/* Begin PBXGroup section */
		42126A2A1A1464BF00B14BB4 = {
			isa = PBXGroup;
			children = (
				42126A351A1464BF00B14BB4 /* MatchaChat */,
				42126A4F1A1464BF00B14BB4 /* MatchaChatTests */,
				42126A341A1464BF00B14BB4 /* Products */,
			);
			sourceTree = "<group>";
		};
		42126A341A1464BF00B14BB4 /* Products */ = {
			isa = PBXGroup;
			children = (
				42126A331A1464BF00B14BB4 /* MatchaChat.app */,
				42126A4C1A1464BF00B14BB4 /* MatchaChatTests.xctest */,
			);
			name = Products;
			sourceTree = "<group>";
		};
		42126A351A1464BF00B14BB4 /* MatchaChat */ = {
			isa = PBXGroup;
			children = (
				42126A3A1A1464BF00B14BB4 /* AppDelegate.h */,
				42126A3B1A1464BF00B14BB4 /* AppDelegate.m */,
				42126A3D1A1464BF00B14BB4 /* ViewController.h */,
				42126A3E1A1464BF00B14BB4 /* ViewController.m */,
				42126A401A1464BF00B14BB4 /* Main.storyboard */,
				42126A431A1464BF00B14BB4 /* Images.xcassets */,
				42126A451A1464BF00B14BB4 /* LaunchScreen.xib */,
				42126A361A1464BF00B14BB4 /* Supporting Files */,
			);
			path = MatchaChat;
			sourceTree = "<group>";
		};
		42126A361A1464BF00B14BB4 /* Supporting Files */ = {
			isa = PBXGroup;
			children = (
				42126A371A1464BF00B14BB4 /* Info.plist */,
				42126A381A1464BF00B14BB4 /* main.m */,
			);
			name = "Supporting Files";
			sourceTree = "<group>";
		};
		42126A4F1A1464BF00B14BB4 /* MatchaChatTests */ = {
			isa = PBXGroup;
			children = (
				42126A521A1464BF00B14BB4 /* MatchaChatTests.m */,
				42126A501A1464BF00B14BB4 /* Supporting Files */,
			);
			path = MatchaChatTests;
			sourceTree = "<group>";
		};
		42126A501A1464BF00B14BB4 /* Supporting Files */ = {
			isa = PBXGroup;
			children = (
				42126A511A1464BF00B14BB4 /* Info.plist */,
			);
			name = "Supporting Files";
			sourceTree = "<group>";
		};
/* End PBXGroup section */

/* Begin PBXNativeTarget section */
		42126A321A1464BF00B14BB4 /* MatchaChat */ = {
			isa = PBXNativeTarget;
			buildConfigurationList = 42126A561A1464BF00B14BB4 /* Build configuration list for PBXNativeTarget "MatchaChat" */;
			buildPhases = (
				42126A2F1A1464BF00B14BB4 /* Sources */,
				42126A301A1464BF00B14BB4 /* Frameworks */,
				42126A311A1464BF00B14BB4 /* Resources */,
			);
			buildRules = (
			);
			dependencies = (
			);
			name = MatchaChat;
			productName = MatchaChat;
			productReference = 42126A331A1464BF00B14BB4 /* MatchaChat.app */;
			productType = "com.apple.product-type.application";
		};
		42126A4B1A1464BF00B14BB4 /* MatchaChatTests */ = {
			isa = PBXNativeTarget;
			buildConfigurationList = 42126A591A1464BF00B14BB4 /* Build configuration list for PBXNativeTarget "MatchaChatTests" */;
			buildPhases = (
				42126A481A1464BF00B14BB4 /* Sources */,
				42126A491A1464BF00B14BB4 /* Frameworks */,
				42126A4A1A1464BF00B14BB4 /* Resources */,
			);
			buildRules = (
			);
			dependencies = (
				42126A4E1A1464BF00B14BB4 /* PBXTargetDependency */,
			);
			name = MatchaChatTests;
			productName = MatchaChatTests;
			productReference = 42126A4C1A1464BF00B14BB4 /* MatchaChatTests.xctest */;
			productType = "com.apple.product-type.bundle.unit-test";
		};
/* End PBXNativeTarget section */

/* Begin PBXProject section */
		42126A2B1A1464BF00B14BB4 /* Project object */ = {
			isa = PBXProject;
			attributes = {
				LastUpgradeCheck = 0610;
				ORGANIZATIONNAME = "Joshua Zhou";
				TargetAttributes = {
					42126A321A1464BF00B14BB4 = {
						CreatedOnToolsVersion = 6.1;
					};
					42126A4B1A1464BF00B14BB4 = {
						CreatedOnToolsVersion = 6.1;
						TestTargetID = 42126A321A1464BF00B14BB4;
					};
				};
			};
			buildConfigurationList = 42126A2E1A1464BF00B14BB4 /* Build configuration list for PBXProject "MatchaChat" */;
			compatibilityVersion = "Xcode 3.2";
			developmentRegion = English;
			hasScannedForEncodings = 0;
			knownRegions = (
				en,
				Base,
			);
			mainGroup = 42126A2A1A1464BF00B14BB4;
			productRefGroup = 42126A341A1464BF00B14BB4 /* Products */;
			projectDirPath = "";
			projectRoot = "";
			targets = (
				42126A321A1464BF00B14BB4 /* MatchaChat */,
				42126A4B1A1464BF00B14BB4 /* MatchaChatTests */,
			);
		};
/* End PBXProject section */

/* Begin PBXResourcesBuildPhase section */
		42126A311A1464BF00B14BB4 /* Resources */ = {
			isa = PBXResourcesBuildPhase;
			buildActionMask = 2147483647;
			files = (
				42126A421A1464BF00B14BB4 /* Main.storyboard in Resources */,
				42126A471A1464BF00B14BB4 /* LaunchScreen.xib in Resources */,
				42126A441A1464BF00B14BB4 /* Images.xcassets in Resources */,
			);
			runOnlyForDeploymentPostprocessing = 0;
		};
		42126A4A1A1464BF00B14BB4 /* Resources */ = {
			isa = PBXResourcesBuildPhase;
			buildActionMask = 2147483647;
			files = (
			);
			runOnlyForDeploymentPostprocessing = 0;
		};
/* End PBXResourcesBuildPhase section */

/* Begin PBXSourcesBuildPhase section */
		42126A2F1A1464BF00B14BB4 /* Sources */ = {
			isa = PBXSourcesBuildPhase;
			buildActionMask = 2147483647;
			files = (
				42126A3F1A1464BF00B14BB4 /* ViewController.m in Sources */,
				42126A3C1A1464BF00B14BB4 /* AppDelegate.m in Sources */,
				42126A391A1464BF00B14BB4 /* main.m in Sources */,
			);
			runOnlyForDeploymentPostprocessing = 0;
		};
		42126A481A1464BF00B14BB4 /* Sources */ = {
			isa = PBXSourcesBuildPhase;
			buildActionMask = 2147483647;
			files = (
				42126A531A1464BF00B14BB4 /* MatchaChatTests.m in Sources */,
			);
			runOnlyForDeploymentPostprocessing = 0;
		};
/* End PBXSourcesBuildPhase section */

/* Begin PBXTargetDependency section */
		42126A4E1A1464BF00B14BB4 /* PBXTargetDependency */ = {
			isa = PBXTargetDependency;
			target = 42126A321A1464BF00B14BB4 /* MatchaChat */;
			targetProxy = 42126A4D1A1464BF00B14BB4 /* PBXContainerItemProxy */;
		};
/* End PBXTargetDependency section */

/* Begin PBXVariantGroup section */
		42126A401A1464BF00B14BB4 /* Main.storyboard */ = {
			isa = PBXVariantGroup;
			children = (
				42126A411A1464BF00B14BB4 /* Base */,
			);
			name = Main.storyboard;
			sourceTree = "<group>";
		};
		42126A451A1464BF00B14BB4 /* LaunchScreen.xib */ = {
			isa = PBXVariantGroup;
			children = (
				42126A461A1464BF00B14BB4 /* Base */,
			);
			name = LaunchScreen.xib;
			sourceTree = "<group>";
		};
/* End PBXVariantGroup section */

/* Begin XCBuildConfiguration section */
		42126A541A1464BF00B14BB4 /* Debug */ = {
			isa = XCBuildConfiguration;
			buildSettings = {
				ALWAYS_SEARCH_USER_PATHS = NO;
				CLANG_CXX_LANGUAGE_STANDARD = "gnu++0x";
				CLANG_CXX_LIBRARY = "libc++";
				CLANG_ENABLE_MODULES = YES;
				CLANG_ENABLE_OBJC_ARC = YES;
				CLANG_WARN_BOOL_CONVERSION = YES;
				CLANG_WARN_CONSTANT_CONVERSION = YES;
				CLANG_WARN_DIRECT_OBJC_ISA_USAGE = YES_ERROR;
				CLANG_WARN_EMPTY_BODY = YES;
				CLANG_WARN_ENUM_CONVERSION = YES;
				CLANG_WARN_INT_CONVERSION = YES;
				CLANG_WARN_OBJC_ROOT_CLASS = YES_ERROR;
				CLANG_WARN_UNREACHABLE_CODE = YES;
				CLANG_WARN__DUPLICATE_METHOD_MATCH = YES;
				"CODE_SIGN_IDENTITY[sdk=iphoneos*]" = "iPhone Developer";
				COPY_PHASE_STRIP = NO;
				ENABLE_STRICT_OBJC_MSGSEND = YES;
				GCC_C_LANGUAGE_STANDARD = gnu99;
				GCC_DYNAMIC_NO_PIC = NO;
				GCC_OPTIMIZATION_LEVEL = 0;
				GCC_PREPROCESSOR_DEFINITIONS = (
					"DEBUG=1",
					"$(inherited)",
				);
				GCC_SYMBOLS_PRIVATE_EXTERN = NO;
				GCC_WARN_64_TO_32_BIT_CONVERSION = YES;
				GCC_WARN_ABOUT_RETURN_TYPE = YES_ERROR;
				GCC_WARN_UNDECLARED_SELECTOR = YES;
				GCC_WARN_UNINITIALIZED_AUTOS = YES_AGGRESSIVE;
				GCC_WARN_UNUSED_FUNCTION = YES;
				GCC_WARN_UNUSED_VARIABLE = YES;
				IPHONEOS_DEPLOYMENT_TARGET = 8.1;
				MTL_ENABLE_DEBUG_INFO = YES;
				ONLY_ACTIVE_ARCH = YES;
				SDKROOT = iphoneos;
				TARGETED_DEVICE_FAMILY = "1,2";
			};
			name = Debug;
		};
		42126A551A1464BF00B14BB4 /* Release */ = {
			isa = XCBuildConfiguration;
			buildSettings = {
				ALWAYS_SEARCH_USER_PATHS = NO;
				CLANG_CXX_LANGUAGE_STANDARD = "gnu++0x";
				CLANG_CXX_LIBRARY = "libc++";
				CLANG_ENABLE_MODULES = YES;
				CLANG_ENABLE_OBJC_ARC = YES;
				CLANG_WARN_BOOL_CONVERSION = YES;
				CLANG_WARN_CONSTANT_CONVERSION = YES;
				CLANG_WARN_DIRECT_OBJC_ISA_USAGE = YES_ERROR;
				CLANG_WARN_EMPTY_BODY = YES;
				CLANG_WARN_ENUM_CONVERSION = YES;
				CLANG_WARN_INT_CONVERSION = YES;
				CLANG_WARN_OBJC_ROOT_CLASS = YES_ERROR;
				CLANG_WARN_UNREACHABLE_CODE = YES;
				CLANG_WARN__DUPLICATE_METHOD_MATCH = YES;
				"CODE_SIGN_IDENTITY[sdk=iphoneos*]" = "iPhone Developer";
				COPY_PHASE_STRIP = YES;
				ENABLE_NS_ASSERTIONS = NO;
				ENABLE_STRICT_OBJC_MSGSEND = YES;
				GCC_C_LANGUAGE_STANDARD = gnu99;
				GCC_WARN_64_TO_32_BIT_CONVERSION = YES;
				GCC_WARN_ABOUT_RETURN_TYPE = YES_ERROR;
				GCC_WARN_UNDECLARED_SELECTOR = YES;
				GCC_WARN_UNINITIALIZED_AUTOS = YES_AGGRESSIVE;
				GCC_WARN_UNUSED_FUNCTION = YES;
				GCC_WARN_UNUSED_VARIABLE = YES;
				IPHONEOS_DEPLOYMENT_TARGET = 8.1;
				MTL_ENABLE_DEBUG_INFO = NO;
				SDKROOT = iphoneos;
				TARGETED_DEVICE_FAMILY = "1,2";
				VALIDATE_PRODUCT = YES;
			};
			name = Release;
		};
		42126A571A1464BF00B14BB4 /* Debug */ = {
			isa = XCBuildConfiguration;
			buildSettings = {
				ASSETCATALOG_COMPILER_APPICON_NAME = AppIcon;
				INFOPLIST_FILE = MatchaChat/Info.plist;
				LD_RUNPATH_SEARCH_PATHS = "$(inherited) @executable_path/Frameworks";
				PRODUCT_NAME = "$(TARGET_NAME)";
			};
			name = Debug;
		};
		42126A581A1464BF00B14BB4 /* Release */ = {
			isa = XCBuildConfiguration;
			buildSettings = {
				ASSETCATALOG_COMPILER_APPICON_NAME = AppIcon;
				INFOPLIST_FILE = MatchaChat/Info.plist;
				LD_RUNPATH_SEARCH_PATHS = "$(inherited) @executable_path/Frameworks";
				PRODUCT_NAME = "$(TARGET_NAME)";
			};
			name = Release;
		};
		42126A5A1A1464BF00B14BB4 /* Debug */ = {
			isa = XCBuildConfiguration;
			buildSettings = {
				BUNDLE_LOADER = "$(TEST_HOST)";
				FRAMEWORK_SEARCH_PATHS = (
					"$(SDKROOT)/Developer/Library/Frameworks",
					"$(inherited)",
				);
				GCC_PREPROCESSOR_DEFINITIONS = (
					"DEBUG=1",
					"$(inherited)",
				);
				INFOPLIST_FILE = MatchaChatTests/Info.plist;
				LD_RUNPATH_SEARCH_PATHS = "$(inherited) @executable_path/Frameworks @loader_path/Frameworks";
				PRODUCT_NAME = "$(TARGET_NAME)";
				TEST_HOST = "$(BUILT_PRODUCTS_DIR)/MatchaChat.app/MatchaChat";
			};
			name = Debug;
		};
		42126A5B1A1464BF00B14BB4 /* Release */ = {
			isa = XCBuildConfiguration;
			buildSettings = {
				BUNDLE_LOADER = "$(TEST_HOST)";
				FRAMEWORK_SEARCH_PATHS = (
					"$(SDKROOT)/Developer/Library/Frameworks",
					"$(inherited)",
				);
				INFOPLIST_FILE = MatchaChatTests/Info.plist;
				LD_RUNPATH_SEARCH_PATHS = "$(inherited) @executable_path/Frameworks @loader_path/Frameworks";
				PRODUCT_NAME = "$(TARGET_NAME)";
				TEST_HOST = "$(BUILT_PRODUCTS_DIR)/MatchaChat.app/MatchaChat";
			};
			name = Release;
		};
/* End XCBuildConfiguration section */

/* Begin XCConfigurationList section */
		42126A2E1A1464BF00B14BB4 /* Build configuration list for PBXProject "MatchaChat" */ = {
			isa = XCConfigurationList;
			buildConfigurations = (
				42126A541A1464BF00B14BB4 /* Debug */,
				42126A551A1464BF00B14BB4 /* Release */,
			);
			defaultConfigurationIsVisible = 0;
			defaultConfigurationName = Release;
		};
		42126A561A1464BF00B14BB4 /* Build configuration list for PBXNativeTarget "MatchaChat" */ = {
			isa = XCConfigurationList;
			buildConfigurations = (
				42126A571A1464BF00B14BB4 /* Debug */,
				42126A581A1464BF00B14BB4 /* Release */,
			);
			defaultConfigurationIsVisible = 0;
		};
		42126A591A1464BF00B14BB4 /* Build configuration list for PBXNativeTarget "MatchaChatTests" */ = {
			isa = XCConfigurationList;
			buildConfigurations = (
				42126A5A1A1464BF00B14BB4 /* Debug */,
				42126A5B1A1464BF00B14BB4 /* Release */,
			);
			defaultConfigurationIsVisible = 0;
		};
/* End XCConfigurationList section */
	};
	rootObject = 42126A2B1A1464BF00B14BB4 /* Project object */;
}
